
Microsoft Visual Studio Solution File, Format Version 12.00
# Visual Studio Version 17
VisualStudioVersion = 17.1.32228.430
MinimumVisualStudioVersion = 10.0.40219.1
Project("{FAE04EC0-301F-11D3-BF4B-00C04F79EFBC}") = "GalacticArchive.IndexingEngine", "GalacticArchive.IndexingEngine\GalacticArchive.IndexingEngine.csproj", "{E0C863B8-82D7-4B2B-A8A7-B0E46664211C}"
EndProject
Project("{FAE04EC0-301F-11D3-BF4B-00C04F79EFBC}") = "GalacticArchive", "GalacticArchive\GalacticArchive.csproj", "{C4C048DC-4BEA-435F-80D9-949E9BD10AD8}"
EndProject
Project("{FAE04EC0-301F-11D3-BF4B-00C04F79EFBC}") = "GalacticArchive.IndexingEngine.Tests", "GalacticArchive.IndexingEngine.Tests\GalacticArchive.IndexingEngine.Tests.csproj", "{D3548F49-EA15-4AF2-A4F4-209665B4E463}"
EndProject
Global
	GlobalSection(SolutionConfigurationPlatforms) = preSolution
		Debug|Any CPU = Debug|Any CPU
		Release|Any CPU = Release|Any CPU
	EndGlobalSection
	GlobalSection(ProjectConfigurationPlatforms) = postSolution
		{E0C863B8-82D7-4B2B-A8A7-B0E46664211C}.Debug|Any CPU.ActiveCfg = Debug|Any CPU
		{E0C863B8-82D7-4B2B-A8A7-B0E46664211C}.Debug|Any CPU.Build.0 = Debug|Any CPU
		{E0C863B8-82D7-4B2B-A8A7-B0E46664211C}.Release|Any CPU.ActiveCfg = Release|Any CPU
		{E0C863B8-82D7-4B2B-A8A7-B0E46664211C}.Release|Any CPU.Build.0 = Release|Any CPU
		{C4C048DC-4BEA-435F-80D9-949E9BD10AD8}.Debug|Any CPU.ActiveCfg = Debug|Any CPU
		{C4C048DC-4BEA-435F-80D9-949E9BD10AD8}.Debug|Any CPU.Build.0 = Debug|Any CPU
		{C4C048DC-4BEA-435F-80D9-949E9BD10AD8}.Release|Any CPU.ActiveCfg = Release|Any CPU
		{C4C048DC-4BEA-435F-80D9-949E9BD10AD8}.Release|Any CPU.Build.0 = Release|Any CPU
		{D3548F49-EA15-4AF2-A4F4-209665B4E463}.Debug|Any CPU.ActiveCfg = Debug|Any CPU
		{D3548F49-EA15-4AF2-A4F4-209665B4E463}.Debug|Any CPU.Build.0 = Debug|Any CPU
		{D3548F49-EA15-4AF2-A4F4-209665B4E463}.Release|Any CPU.ActiveCfg = Release|Any CPU
		{D3548F49-EA15-4AF2-A4F4-209665B4E463}.Release|Any CPU.Build.0 = Release|Any CPU
	EndGlobalSection
	GlobalSection(SolutionProperties) = preSolution
		HideSolutionNode = FALSE
	EndGlobalSection
	GlobalSection(ExtensibilityGlobals) = postSolution
		SolutionGuid = {D0537329-82C0-46F6-AD38-3DB6006F27B7}
	EndGlobalSection
EndGlobal
